
Microsoft Visual Studio Solution File, Format Version 12.00
# Visual Studio Version 17
VisualStudioVersion = 17.14.36623.8 d17.14
MinimumVisualStudioVersion = 10.0.40219.1
Project("{FAE04EC0-301F-11D3-BF4B-00C04F79EFBC}") = "CompanyEmployees", "CompanyEmployees.csproj", "{D1C111E5-B460-4D02-AB94-61D3BBE06EE9}"
EndProject
Global
	GlobalSection(SolutionConfigurationPlatforms) = preSolution
		Debug|Any CPU = Debug|Any CPU
		Release|Any CPU = Release|Any CPU
	EndGlobalSection
	GlobalSection(ProjectConfigurationPlatforms) = postSolution
		{D1C111E5-B460-4D02-AB94-61D3BBE06EE9}.Debug|Any CPU.ActiveCfg = Debug|Any CPU
		{D1C111E5-B460-4D02-AB94-61D3BBE06EE9}.Debug|Any CPU.Build.0 = Debug|Any CPU
		{D1C111E5-B460-4D02-AB94-61D3BBE06EE9}.Release|Any CPU.ActiveCfg = Release|Any CPU
		{D1C111E5-B460-4D02-AB94-61D3BBE06EE9}.Release|Any CPU.Build.0 = Release|Any CPU
	EndGlobalSection
	GlobalSection(SolutionProperties) = preSolution
		HideSolutionNode = FALSE
	EndGlobalSection
	GlobalSection(ExtensibilityGlobals) = postSolution
		SolutionGuid = {91DD0E56-F1D7-4003-9419-9C79D635C0E6}
	EndGlobalSection
EndGlobal
